
Microsoft Visual Studio Solution File, Format Version 12.00
# Visual Studio 2013
VisualStudioVersion = 12.0.31101.0
MinimumVisualStudioVersion = 10.0.40219.1
Project("{FAE04EC0-301F-11D3-BF4B-00C04F79EFBC}") = "AutofacOwinAuth.Core", "AutofacOwinAuth.Core\AutofacOwinAuth.Core.csproj", "{16C9F8E0-7209-4A8F-8964-8FA4E9D4DBAC}"
EndProject
Project("{FAE04EC0-301F-11D3-BF4B-00C04F79EFBC}") = "AutofacOwinAuth.WebAPI", "AutofacOwinAuth.WebAPI\AutofacOwinAuth.WebAPI.csproj", "{51506622-D4B5-4F34-AD41-760E79C0D64E}"
EndProject
Project("{FAE04EC0-301F-11D3-BF4B-00C04F79EFBC}") = "AutofacOwinAuth.WebAPI.Tests", "AutofacOwinAuth.WebAPI.Tests\AutofacOwinAuth.WebAPI.Tests.csproj", "{3C4D4B5C-6CDF-4F07-A3E1-036EFE5C933C}"
EndProject
Project("{2150E333-8FDC-42A3-9474-1A3956D46DE8}") = "Solution Items", "Solution Items", "{1F615B6C-6EC5-405A-AE15-896459559746}"
	ProjectSection(SolutionItems) = preProject
		README.md = README.md
	EndProjectSection
EndProject
Project("{FAE04EC0-301F-11D3-BF4B-00C04F79EFBC}") = "AutofacOwinAuth.AuthorizationServer", "AutofacOwinAuth.AuthorizationServer\AutofacOwinAuth.AuthorizationServer.csproj", "{B0A5BC64-7F0E-4E2A-A627-F6C33FFEFB91}"
EndProject
Project("{FAE04EC0-301F-11D3-BF4B-00C04F79EFBC}") = "AutofacOwinAuth.WebAPI.Core", "AutofacOwinAuth.WebAPI.Core\AutofacOwinAuth.WebAPI.Core.csproj", "{30EC4742-29D6-433F-886B-AC947F96DC0E}"
EndProject
Project("{FAE04EC0-301F-11D3-BF4B-00C04F79EFBC}") = "AutofacOwinAuth.WebAPI.OwinHost", "AutofacOwinAuth.WebAPI.OwinHost\AutofacOwinAuth.WebAPI.OwinHost.csproj", "{5BC30777-A95D-4431-8E0D-5AD2F71E8186}"
EndProject
Project("{FAE04EC0-301F-11D3-BF4B-00C04F79EFBC}") = "AutofacOwinAuth.WebAPI.WebApplication", "AutofacOwinAuth.WebAPI.WebApplication\AutofacOwinAuth.WebAPI.WebApplication.csproj", "{421EC3F6-FF45-4B85-ACF8-886F8288E520}"
EndProject
Global
	GlobalSection(SubversionScc) = preSolution
		Svn-Managed = True
		Manager = AnkhSVN - Subversion Support for Visual Studio
	EndGlobalSection
	GlobalSection(SolutionConfigurationPlatforms) = preSolution
		Debug|Any CPU = Debug|Any CPU
		Release|Any CPU = Release|Any CPU
	EndGlobalSection
	GlobalSection(ProjectConfigurationPlatforms) = postSolution
		{16C9F8E0-7209-4A8F-8964-8FA4E9D4DBAC}.Debug|Any CPU.ActiveCfg = Debug|Any CPU
		{16C9F8E0-7209-4A8F-8964-8FA4E9D4DBAC}.Debug|Any CPU.Build.0 = Debug|Any CPU
		{16C9F8E0-7209-4A8F-8964-8FA4E9D4DBAC}.Release|Any CPU.ActiveCfg = Release|Any CPU
		{16C9F8E0-7209-4A8F-8964-8FA4E9D4DBAC}.Release|Any CPU.Build.0 = Release|Any CPU
		{51506622-D4B5-4F34-AD41-760E79C0D64E}.Debug|Any CPU.ActiveCfg = Debug|Any CPU
		{51506622-D4B5-4F34-AD41-760E79C0D64E}.Debug|Any CPU.Build.0 = Debug|Any CPU
		{51506622-D4B5-4F34-AD41-760E79C0D64E}.Release|Any CPU.ActiveCfg = Release|Any CPU
		{51506622-D4B5-4F34-AD41-760E79C0D64E}.Release|Any CPU.Build.0 = Release|Any CPU
		{3C4D4B5C-6CDF-4F07-A3E1-036EFE5C933C}.Debug|Any CPU.ActiveCfg = Debug|Any CPU
		{3C4D4B5C-6CDF-4F07-A3E1-036EFE5C933C}.Debug|Any CPU.Build.0 = Debug|Any CPU
		{3C4D4B5C-6CDF-4F07-A3E1-036EFE5C933C}.Release|Any CPU.ActiveCfg = Release|Any CPU
		{3C4D4B5C-6CDF-4F07-A3E1-036EFE5C933C}.Release|Any CPU.Build.0 = Release|Any CPU
		{B0A5BC64-7F0E-4E2A-A627-F6C33FFEFB91}.Debug|Any CPU.ActiveCfg = Debug|Any CPU
		{B0A5BC64-7F0E-4E2A-A627-F6C33FFEFB91}.Debug|Any CPU.Build.0 = Debug|Any CPU
		{B0A5BC64-7F0E-4E2A-A627-F6C33FFEFB91}.Release|Any CPU.ActiveCfg = Release|Any CPU
		{B0A5BC64-7F0E-4E2A-A627-F6C33FFEFB91}.Release|Any CPU.Build.0 = Release|Any CPU
		{30EC4742-29D6-433F-886B-AC947F96DC0E}.Debug|Any CPU.ActiveCfg = Debug|Any CPU
		{30EC4742-29D6-433F-886B-AC947F96DC0E}.Debug|Any CPU.Build.0 = Debug|Any CPU
		{30EC4742-29D6-433F-886B-AC947F96DC0E}.Release|Any CPU.ActiveCfg = Release|Any CPU
		{30EC4742-29D6-433F-886B-AC947F96DC0E}.Release|Any CPU.Build.0 = Release|Any CPU
		{5BC30777-A95D-4431-8E0D-5AD2F71E8186}.Debug|Any CPU.ActiveCfg = Debug|Any CPU
		{5BC30777-A95D-4431-8E0D-5AD2F71E8186}.Debug|Any CPU.Build.0 = Debug|Any CPU
		{5BC30777-A95D-4431-8E0D-5AD2F71E8186}.Release|Any CPU.ActiveCfg = Release|Any CPU
		{5BC30777-A95D-4431-8E0D-5AD2F71E8186}.Release|Any CPU.Build.0 = Release|Any CPU
		{421EC3F6-FF45-4B85-ACF8-886F8288E520}.Debug|Any CPU.ActiveCfg = Debug|Any CPU
		{421EC3F6-FF45-4B85-ACF8-886F8288E520}.Debug|Any CPU.Build.0 = Debug|Any CPU
		{421EC3F6-FF45-4B85-ACF8-886F8288E520}.Release|Any CPU.ActiveCfg = Release|Any CPU
		{421EC3F6-FF45-4B85-ACF8-886F8288E520}.Release|Any CPU.Build.0 = Release|Any CPU
	EndGlobalSection
	GlobalSection(SolutionProperties) = preSolution
		HideSolutionNode = FALSE
	EndGlobalSection
EndGlobal
